
Microsoft Visual Studio Solution File, Format Version 12.00
# Visual Studio Version 17
VisualStudioVersion = 17.6.33829.357
MinimumVisualStudioVersion = 10.0.40219.1
Project("{FAE04EC0-301F-11D3-BF4B-00C04F79EFBC}") = "thomasgregmvc", "thomasgregmvc\thomasgregmvc.csproj", "{7BCC0A10-89A3-4F1A-B525-B58764DA3066}"
EndProject
Global
	GlobalSection(SolutionConfigurationPlatforms) = preSolution
		Debug|Any CPU = Debug|Any CPU
		Release|Any CPU = Release|Any CPU
	EndGlobalSection
	GlobalSection(ProjectConfigurationPlatforms) = postSolution
		{7BCC0A10-89A3-4F1A-B525-B58764DA3066}.Debug|Any CPU.ActiveCfg = Debug|Any CPU
		{7BCC0A10-89A3-4F1A-B525-B58764DA3066}.Debug|Any CPU.Build.0 = Debug|Any CPU
		{7BCC0A10-89A3-4F1A-B525-B58764DA3066}.Release|Any CPU.ActiveCfg = Release|Any CPU
		{7BCC0A10-89A3-4F1A-B525-B58764DA3066}.Release|Any CPU.Build.0 = Release|Any CPU
	EndGlobalSection
	GlobalSection(SolutionProperties) = preSolution
		HideSolutionNode = FALSE
	EndGlobalSection
	GlobalSection(ExtensibilityGlobals) = postSolution
		SolutionGuid = {A145B2E8-1A6D-4A51-A3C4-BD34D5D389C8}
	EndGlobalSection
EndGlobal
